{
  "name": "bot-against-humanity-interface",
  "version": "1.0.0",
  "lockfileVersion": 2,
  "requires": true,
  "packages": {
    "": {
      "name": "bot-against-humanity-interface",
      "version": "1.0.0",
      "license": "ISC",
      "dependencies": {
        "bot-against-humanity-core": "file:../core/pkg"
      }
    },
    "../core/pkg": {
      "version": "0.1.0"
    },
    "node_modules/bot-against-humanity-core": {
      "resolved": "../core/pkg",
      "link": true
    }
  },
  "dependencies": {
    "bot-against-humanity-core": {
      "version": "file:../core/pkg"
    }
  }
}
